
Microsoft Visual Studio Solution File, Format Version 12.00
# Visual Studio Version 16
VisualStudioVersion = 16.0.31321.278
MinimumVisualStudioVersion = 10.0.40219.1
Project("{FAE04EC0-301F-11D3-BF4B-00C04F79EFBC}") = "SandwichConstructionKit", "SandwichConstructionKit.csproj", "{32461D43-A43E-43C9-90F2-224FB29DE975}"
EndProject
Global
	GlobalSection(SolutionConfigurationPlatforms) = preSolution
		Debug|Any CPU = Debug|Any CPU
		Release|Any CPU = Release|Any CPU
	EndGlobalSection
	GlobalSection(ProjectConfigurationPlatforms) = postSolution
		{32461D43-A43E-43C9-90F2-224FB29DE975}.Debug|Any CPU.ActiveCfg = Debug|Any CPU
		{32461D43-A43E-43C9-90F2-224FB29DE975}.Debug|Any CPU.Build.0 = Debug|Any CPU
		{32461D43-A43E-43C9-90F2-224FB29DE975}.Release|Any CPU.ActiveCfg = Release|Any CPU
		{32461D43-A43E-43C9-90F2-224FB29DE975}.Release|Any CPU.Build.0 = Release|Any CPU
	EndGlobalSection
	GlobalSection(SolutionProperties) = preSolution
		HideSolutionNode = FALSE
	EndGlobalSection
	GlobalSection(ExtensibilityGlobals) = postSolution
		SolutionGuid = {E58181D7-B814-4D53-9B2B-429D17BB58C8}
	EndGlobalSection
EndGlobal
